
Microsoft Visual Studio Solution File, Format Version 12.00
# Visual Studio 15
VisualStudioVersion = 15.0.26124.0
MinimumVisualStudioVersion = 15.0.26124.0
Project("{2150E333-8FDC-42A3-9474-1A3956D46DE8}") = "src", "src", "{7A25925D-E238-417A-8582-878C8B3451C2}"
EndProject
Project("{FAE04EC0-301F-11D3-BF4B-00C04F79EFBC}") = "WC.Context", "src\WC.Context\WC.Context.csproj", "{34E32A42-77C8-4499-9FB1-752D61964066}"
EndProject
Project("{FAE04EC0-301F-11D3-BF4B-00C04F79EFBC}") = "WC.Controller", "src\WC.Controller\WC.Controller.csproj", "{0CBF3AC5-017B-4E8E-9216-0893CE6C03C5}"
EndProject
Project("{FAE04EC0-301F-11D3-BF4B-00C04F79EFBC}") = "WC.Model", "src\WC.Model\WC.Model.csproj", "{C02F770E-BC38-4B03-B660-EE970A3BC08E}"
EndProject
Project("{FAE04EC0-301F-11D3-BF4B-00C04F79EFBC}") = "WildCritters", "src\WildCritters\WildCritters.csproj", "{0FEC4E0A-03E4-406B-AF8F-5F9011ACAC58}"
EndProject
Global
	GlobalSection(SolutionConfigurationPlatforms) = preSolution
		Debug|Any CPU = Debug|Any CPU
		Debug|x64 = Debug|x64
		Debug|x86 = Debug|x86
		Release|Any CPU = Release|Any CPU
		Release|x64 = Release|x64
		Release|x86 = Release|x86
	EndGlobalSection
	GlobalSection(SolutionProperties) = preSolution
		HideSolutionNode = FALSE
	EndGlobalSection
	GlobalSection(ProjectConfigurationPlatforms) = postSolution
		{34E32A42-77C8-4499-9FB1-752D61964066}.Debug|Any CPU.ActiveCfg = Debug|Any CPU
		{34E32A42-77C8-4499-9FB1-752D61964066}.Debug|Any CPU.Build.0 = Debug|Any CPU
		{34E32A42-77C8-4499-9FB1-752D61964066}.Debug|x64.ActiveCfg = Debug|Any CPU
		{34E32A42-77C8-4499-9FB1-752D61964066}.Debug|x64.Build.0 = Debug|Any CPU
		{34E32A42-77C8-4499-9FB1-752D61964066}.Debug|x86.ActiveCfg = Debug|Any CPU
		{34E32A42-77C8-4499-9FB1-752D61964066}.Debug|x86.Build.0 = Debug|Any CPU
		{34E32A42-77C8-4499-9FB1-752D61964066}.Release|Any CPU.ActiveCfg = Release|Any CPU
		{34E32A42-77C8-4499-9FB1-752D61964066}.Release|Any CPU.Build.0 = Release|Any CPU
		{34E32A42-77C8-4499-9FB1-752D61964066}.Release|x64.ActiveCfg = Release|Any CPU
		{34E32A42-77C8-4499-9FB1-752D61964066}.Release|x64.Build.0 = Release|Any CPU
		{34E32A42-77C8-4499-9FB1-752D61964066}.Release|x86.ActiveCfg = Release|Any CPU
		{34E32A42-77C8-4499-9FB1-752D61964066}.Release|x86.Build.0 = Release|Any CPU
		{0CBF3AC5-017B-4E8E-9216-0893CE6C03C5}.Debug|Any CPU.ActiveCfg = Debug|Any CPU
		{0CBF3AC5-017B-4E8E-9216-0893CE6C03C5}.Debug|Any CPU.Build.0 = Debug|Any CPU
		{0CBF3AC5-017B-4E8E-9216-0893CE6C03C5}.Debug|x64.ActiveCfg = Debug|Any CPU
		{0CBF3AC5-017B-4E8E-9216-0893CE6C03C5}.Debug|x64.Build.0 = Debug|Any CPU
		{0CBF3AC5-017B-4E8E-9216-0893CE6C03C5}.Debug|x86.ActiveCfg = Debug|Any CPU
		{0CBF3AC5-017B-4E8E-9216-0893CE6C03C5}.Debug|x86.Build.0 = Debug|Any CPU
		{0CBF3AC5-017B-4E8E-9216-0893CE6C03C5}.Release|Any CPU.ActiveCfg = Release|Any CPU
		{0CBF3AC5-017B-4E8E-9216-0893CE6C03C5}.Release|Any CPU.Build.0 = Release|Any CPU
		{0CBF3AC5-017B-4E8E-9216-0893CE6C03C5}.Release|x64.ActiveCfg = Release|Any CPU
		{0CBF3AC5-017B-4E8E-9216-0893CE6C03C5}.Release|x64.Build.0 = Release|Any CPU
		{0CBF3AC5-017B-4E8E-9216-0893CE6C03C5}.Release|x86.ActiveCfg = Release|Any CPU
		{0CBF3AC5-017B-4E8E-9216-0893CE6C03C5}.Release|x86.Build.0 = Release|Any CPU
		{C02F770E-BC38-4B03-B660-EE970A3BC08E}.Debug|Any CPU.ActiveCfg = Debug|Any CPU
		{C02F770E-BC38-4B03-B660-EE970A3BC08E}.Debug|Any CPU.Build.0 = Debug|Any CPU
		{C02F770E-BC38-4B03-B660-EE970A3BC08E}.Debug|x64.ActiveCfg = Debug|Any CPU
		{C02F770E-BC38-4B03-B660-EE970A3BC08E}.Debug|x64.Build.0 = Debug|Any CPU
		{C02F770E-BC38-4B03-B660-EE970A3BC08E}.Debug|x86.ActiveCfg = Debug|Any CPU
		{C02F770E-BC38-4B03-B660-EE970A3BC08E}.Debug|x86.Build.0 = Debug|Any CPU
		{C02F770E-BC38-4B03-B660-EE970A3BC08E}.Release|Any CPU.ActiveCfg = Release|Any CPU
		{C02F770E-BC38-4B03-B660-EE970A3BC08E}.Release|Any CPU.Build.0 = Release|Any CPU
		{C02F770E-BC38-4B03-B660-EE970A3BC08E}.Release|x64.ActiveCfg = Release|Any CPU
		{C02F770E-BC38-4B03-B660-EE970A3BC08E}.Release|x64.Build.0 = Release|Any CPU
		{C02F770E-BC38-4B03-B660-EE970A3BC08E}.Release|x86.ActiveCfg = Release|Any CPU
		{C02F770E-BC38-4B03-B660-EE970A3BC08E}.Release|x86.Build.0 = Release|Any CPU
		{0FEC4E0A-03E4-406B-AF8F-5F9011ACAC58}.Debug|Any CPU.ActiveCfg = Debug|Any CPU
		{0FEC4E0A-03E4-406B-AF8F-5F9011ACAC58}.Debug|Any CPU.Build.0 = Debug|Any CPU
		{0FEC4E0A-03E4-406B-AF8F-5F9011ACAC58}.Debug|x64.ActiveCfg = Debug|Any CPU
		{0FEC4E0A-03E4-406B-AF8F-5F9011ACAC58}.Debug|x64.Build.0 = Debug|Any CPU
		{0FEC4E0A-03E4-406B-AF8F-5F9011ACAC58}.Debug|x86.ActiveCfg = Debug|Any CPU
		{0FEC4E0A-03E4-406B-AF8F-5F9011ACAC58}.Debug|x86.Build.0 = Debug|Any CPU
		{0FEC4E0A-03E4-406B-AF8F-5F9011ACAC58}.Release|Any CPU.ActiveCfg = Release|Any CPU
		{0FEC4E0A-03E4-406B-AF8F-5F9011ACAC58}.Release|Any CPU.Build.0 = Release|Any CPU
		{0FEC4E0A-03E4-406B-AF8F-5F9011ACAC58}.Release|x64.ActiveCfg = Release|Any CPU
		{0FEC4E0A-03E4-406B-AF8F-5F9011ACAC58}.Release|x64.Build.0 = Release|Any CPU
		{0FEC4E0A-03E4-406B-AF8F-5F9011ACAC58}.Release|x86.ActiveCfg = Release|Any CPU
		{0FEC4E0A-03E4-406B-AF8F-5F9011ACAC58}.Release|x86.Build.0 = Release|Any CPU
	EndGlobalSection
	GlobalSection(NestedProjects) = preSolution
		{34E32A42-77C8-4499-9FB1-752D61964066} = {7A25925D-E238-417A-8582-878C8B3451C2}
		{0CBF3AC5-017B-4E8E-9216-0893CE6C03C5} = {7A25925D-E238-417A-8582-878C8B3451C2}
		{C02F770E-BC38-4B03-B660-EE970A3BC08E} = {7A25925D-E238-417A-8582-878C8B3451C2}
		{0FEC4E0A-03E4-406B-AF8F-5F9011ACAC58} = {7A25925D-E238-417A-8582-878C8B3451C2}
	EndGlobalSection
EndGlobal
