
Microsoft Visual Studio Solution File, Format Version 12.00
# Visual Studio Version 16
VisualStudioVersion = 16.0.30621.155
MinimumVisualStudioVersion = 15.0.26124.0
Project("{2150E333-8FDC-42A3-9474-1A3956D46DE8}") = "src", "src", "{7A25925D-E238-417A-8582-878C8B3451C2}"
EndProject
Project("{9A19103F-16F7-4668-BE54-9A1E7A4F7556}") = "WC.Context", "src\WC.Context\WC.Context.csproj", "{34E32A42-77C8-4499-9FB1-752D61964066}"
EndProject
Project("{9A19103F-16F7-4668-BE54-9A1E7A4F7556}") = "WC.Controller", "src\WC.Controller\WC.Controller.csproj", "{0CBF3AC5-017B-4E8E-9216-0893CE6C03C5}"
EndProject
Project("{9A19103F-16F7-4668-BE54-9A1E7A4F7556}") = "WC.Model", "src\WC.Model\WC.Model.csproj", "{C02F770E-BC38-4B03-B660-EE970A3BC08E}"
EndProject
Project("{FAE04EC0-301F-11D3-BF4B-00C04F79EFBC}") = "WC.RestAPI", "WC.RestAPI\WC.RestAPI.csproj", "{26FC5C73-2309-4A5E-B773-497B045A4F95}"
EndProject
Global
	GlobalSection(SolutionConfigurationPlatforms) = preSolution
		Debug|Any CPU = Debug|Any CPU
		Debug|x64 = Debug|x64
		Debug|x86 = Debug|x86
		Release|Any CPU = Release|Any CPU
		Release|x64 = Release|x64
		Release|x86 = Release|x86
	EndGlobalSection
	GlobalSection(ProjectConfigurationPlatforms) = postSolution
		{34E32A42-77C8-4499-9FB1-752D61964066}.Debug|Any CPU.ActiveCfg = Debug|Any CPU
		{34E32A42-77C8-4499-9FB1-752D61964066}.Debug|Any CPU.Build.0 = Debug|Any CPU
		{34E32A42-77C8-4499-9FB1-752D61964066}.Debug|x64.ActiveCfg = Debug|Any CPU
		{34E32A42-77C8-4499-9FB1-752D61964066}.Debug|x64.Build.0 = Debug|Any CPU
		{34E32A42-77C8-4499-9FB1-752D61964066}.Debug|x86.ActiveCfg = Debug|Any CPU
		{34E32A42-77C8-4499-9FB1-752D61964066}.Debug|x86.Build.0 = Debug|Any CPU
		{34E32A42-77C8-4499-9FB1-752D61964066}.Release|Any CPU.ActiveCfg = Release|Any CPU
		{34E32A42-77C8-4499-9FB1-752D61964066}.Release|Any CPU.Build.0 = Release|Any CPU
		{34E32A42-77C8-4499-9FB1-752D61964066}.Release|x64.ActiveCfg = Release|Any CPU
		{34E32A42-77C8-4499-9FB1-752D61964066}.Release|x64.Build.0 = Release|Any CPU
		{34E32A42-77C8-4499-9FB1-752D61964066}.Release|x86.ActiveCfg = Release|Any CPU
		{34E32A42-77C8-4499-9FB1-752D61964066}.Release|x86.Build.0 = Release|Any CPU
		{0CBF3AC5-017B-4E8E-9216-0893CE6C03C5}.Debug|Any CPU.ActiveCfg = Debug|Any CPU
		{0CBF3AC5-017B-4E8E-9216-0893CE6C03C5}.Debug|Any CPU.Build.0 = Debug|Any CPU
		{0CBF3AC5-017B-4E8E-9216-0893CE6C03C5}.Debug|x64.ActiveCfg = Debug|Any CPU
		{0CBF3AC5-017B-4E8E-9216-0893CE6C03C5}.Debug|x64.Build.0 = Debug|Any CPU
		{0CBF3AC5-017B-4E8E-9216-0893CE6C03C5}.Debug|x86.ActiveCfg = Debug|Any CPU
		{0CBF3AC5-017B-4E8E-9216-0893CE6C03C5}.Debug|x86.Build.0 = Debug|Any CPU
		{0CBF3AC5-017B-4E8E-9216-0893CE6C03C5}.Release|Any CPU.ActiveCfg = Release|Any CPU
		{0CBF3AC5-017B-4E8E-9216-0893CE6C03C5}.Release|Any CPU.Build.0 = Release|Any CPU
		{0CBF3AC5-017B-4E8E-9216-0893CE6C03C5}.Release|x64.ActiveCfg = Release|Any CPU
		{0CBF3AC5-017B-4E8E-9216-0893CE6C03C5}.Release|x64.Build.0 = Release|Any CPU
		{0CBF3AC5-017B-4E8E-9216-0893CE6C03C5}.Release|x86.ActiveCfg = Release|Any CPU
		{0CBF3AC5-017B-4E8E-9216-0893CE6C03C5}.Release|x86.Build.0 = Release|Any CPU
		{C02F770E-BC38-4B03-B660-EE970A3BC08E}.Debug|Any CPU.ActiveCfg = Debug|Any CPU
		{C02F770E-BC38-4B03-B660-EE970A3BC08E}.Debug|Any CPU.Build.0 = Debug|Any CPU
		{C02F770E-BC38-4B03-B660-EE970A3BC08E}.Debug|x64.ActiveCfg = Debug|Any CPU
		{C02F770E-BC38-4B03-B660-EE970A3BC08E}.Debug|x64.Build.0 = Debug|Any CPU
		{C02F770E-BC38-4B03-B660-EE970A3BC08E}.Debug|x86.ActiveCfg = Debug|Any CPU
		{C02F770E-BC38-4B03-B660-EE970A3BC08E}.Debug|x86.Build.0 = Debug|Any CPU
		{C02F770E-BC38-4B03-B660-EE970A3BC08E}.Release|Any CPU.ActiveCfg = Release|Any CPU
		{C02F770E-BC38-4B03-B660-EE970A3BC08E}.Release|Any CPU.Build.0 = Release|Any CPU
		{C02F770E-BC38-4B03-B660-EE970A3BC08E}.Release|x64.ActiveCfg = Release|Any CPU
		{C02F770E-BC38-4B03-B660-EE970A3BC08E}.Release|x64.Build.0 = Release|Any CPU
		{C02F770E-BC38-4B03-B660-EE970A3BC08E}.Release|x86.ActiveCfg = Release|Any CPU
		{C02F770E-BC38-4B03-B660-EE970A3BC08E}.Release|x86.Build.0 = Release|Any CPU
		{26FC5C73-2309-4A5E-B773-497B045A4F95}.Debug|Any CPU.ActiveCfg = Debug|Any CPU
		{26FC5C73-2309-4A5E-B773-497B045A4F95}.Debug|Any CPU.Build.0 = Debug|Any CPU
		{26FC5C73-2309-4A5E-B773-497B045A4F95}.Debug|x64.ActiveCfg = Debug|Any CPU
		{26FC5C73-2309-4A5E-B773-497B045A4F95}.Debug|x64.Build.0 = Debug|Any CPU
		{26FC5C73-2309-4A5E-B773-497B045A4F95}.Debug|x86.ActiveCfg = Debug|Any CPU
		{26FC5C73-2309-4A5E-B773-497B045A4F95}.Debug|x86.Build.0 = Debug|Any CPU
		{26FC5C73-2309-4A5E-B773-497B045A4F95}.Release|Any CPU.ActiveCfg = Release|Any CPU
		{26FC5C73-2309-4A5E-B773-497B045A4F95}.Release|Any CPU.Build.0 = Release|Any CPU
		{26FC5C73-2309-4A5E-B773-497B045A4F95}.Release|x64.ActiveCfg = Release|Any CPU
		{26FC5C73-2309-4A5E-B773-497B045A4F95}.Release|x64.Build.0 = Release|Any CPU
		{26FC5C73-2309-4A5E-B773-497B045A4F95}.Release|x86.ActiveCfg = Release|Any CPU
		{26FC5C73-2309-4A5E-B773-497B045A4F95}.Release|x86.Build.0 = Release|Any CPU
	EndGlobalSection
	GlobalSection(SolutionProperties) = preSolution
		HideSolutionNode = FALSE
	EndGlobalSection
	GlobalSection(NestedProjects) = preSolution
		{34E32A42-77C8-4499-9FB1-752D61964066} = {7A25925D-E238-417A-8582-878C8B3451C2}
		{0CBF3AC5-017B-4E8E-9216-0893CE6C03C5} = {7A25925D-E238-417A-8582-878C8B3451C2}
		{C02F770E-BC38-4B03-B660-EE970A3BC08E} = {7A25925D-E238-417A-8582-878C8B3451C2}
		{26FC5C73-2309-4A5E-B773-497B045A4F95} = {7A25925D-E238-417A-8582-878C8B3451C2}
	EndGlobalSection
	GlobalSection(ExtensibilityGlobals) = postSolution
		SolutionGuid = {01872761-A4BA-40B0-BB17-EAF27206B1FB}
	EndGlobalSection
EndGlobal
