
Microsoft Visual Studio Solution File, Format Version 12.00
# Visual Studio 15
VisualStudioVersion = 15.0.26124.0
MinimumVisualStudioVersion = 15.0.26124.0
Project("{FAE04EC0-301F-11D3-BF4B-00C04F79EFBC}") = "WC.API", "WC.API\WC.API.csproj", "{1D3168A6-370E-4698-9D3B-8EAB5B385A31}"
EndProject
Project("{FAE04EC0-301F-11D3-BF4B-00C04F79EFBC}") = "WC.Context", "WC.Context\WC.Context.csproj", "{872F2888-C69C-441A-93AE-568A00F8FB67}"
EndProject
Project("{FAE04EC0-301F-11D3-BF4B-00C04F79EFBC}") = "WC.Controller", "WC.Controller\WC.Controller.csproj", "{6DC513E8-0AD5-4409-BFCB-66E05A909184}"
EndProject
Project("{FAE04EC0-301F-11D3-BF4B-00C04F79EFBC}") = "WC.Model", "WC.Model\WC.Model.csproj", "{B5D6B7BC-EDEB-425F-9179-BF8F08295EB0}"
EndProject
Global
	GlobalSection(SolutionConfigurationPlatforms) = preSolution
		Debug|Any CPU = Debug|Any CPU
		Debug|x64 = Debug|x64
		Debug|x86 = Debug|x86
		Release|Any CPU = Release|Any CPU
		Release|x64 = Release|x64
		Release|x86 = Release|x86
	EndGlobalSection
	GlobalSection(SolutionProperties) = preSolution
		HideSolutionNode = FALSE
	EndGlobalSection
	GlobalSection(ProjectConfigurationPlatforms) = postSolution
		{1D3168A6-370E-4698-9D3B-8EAB5B385A31}.Debug|Any CPU.ActiveCfg = Debug|Any CPU
		{1D3168A6-370E-4698-9D3B-8EAB5B385A31}.Debug|Any CPU.Build.0 = Debug|Any CPU
		{1D3168A6-370E-4698-9D3B-8EAB5B385A31}.Debug|x64.ActiveCfg = Debug|Any CPU
		{1D3168A6-370E-4698-9D3B-8EAB5B385A31}.Debug|x64.Build.0 = Debug|Any CPU
		{1D3168A6-370E-4698-9D3B-8EAB5B385A31}.Debug|x86.ActiveCfg = Debug|Any CPU
		{1D3168A6-370E-4698-9D3B-8EAB5B385A31}.Debug|x86.Build.0 = Debug|Any CPU
		{1D3168A6-370E-4698-9D3B-8EAB5B385A31}.Release|Any CPU.ActiveCfg = Release|Any CPU
		{1D3168A6-370E-4698-9D3B-8EAB5B385A31}.Release|Any CPU.Build.0 = Release|Any CPU
		{1D3168A6-370E-4698-9D3B-8EAB5B385A31}.Release|x64.ActiveCfg = Release|Any CPU
		{1D3168A6-370E-4698-9D3B-8EAB5B385A31}.Release|x64.Build.0 = Release|Any CPU
		{1D3168A6-370E-4698-9D3B-8EAB5B385A31}.Release|x86.ActiveCfg = Release|Any CPU
		{1D3168A6-370E-4698-9D3B-8EAB5B385A31}.Release|x86.Build.0 = Release|Any CPU
		{872F2888-C69C-441A-93AE-568A00F8FB67}.Debug|Any CPU.ActiveCfg = Debug|Any CPU
		{872F2888-C69C-441A-93AE-568A00F8FB67}.Debug|Any CPU.Build.0 = Debug|Any CPU
		{872F2888-C69C-441A-93AE-568A00F8FB67}.Debug|x64.ActiveCfg = Debug|Any CPU
		{872F2888-C69C-441A-93AE-568A00F8FB67}.Debug|x64.Build.0 = Debug|Any CPU
		{872F2888-C69C-441A-93AE-568A00F8FB67}.Debug|x86.ActiveCfg = Debug|Any CPU
		{872F2888-C69C-441A-93AE-568A00F8FB67}.Debug|x86.Build.0 = Debug|Any CPU
		{872F2888-C69C-441A-93AE-568A00F8FB67}.Release|Any CPU.ActiveCfg = Release|Any CPU
		{872F2888-C69C-441A-93AE-568A00F8FB67}.Release|Any CPU.Build.0 = Release|Any CPU
		{872F2888-C69C-441A-93AE-568A00F8FB67}.Release|x64.ActiveCfg = Release|Any CPU
		{872F2888-C69C-441A-93AE-568A00F8FB67}.Release|x64.Build.0 = Release|Any CPU
		{872F2888-C69C-441A-93AE-568A00F8FB67}.Release|x86.ActiveCfg = Release|Any CPU
		{872F2888-C69C-441A-93AE-568A00F8FB67}.Release|x86.Build.0 = Release|Any CPU
		{6DC513E8-0AD5-4409-BFCB-66E05A909184}.Debug|Any CPU.ActiveCfg = Debug|Any CPU
		{6DC513E8-0AD5-4409-BFCB-66E05A909184}.Debug|Any CPU.Build.0 = Debug|Any CPU
		{6DC513E8-0AD5-4409-BFCB-66E05A909184}.Debug|x64.ActiveCfg = Debug|Any CPU
		{6DC513E8-0AD5-4409-BFCB-66E05A909184}.Debug|x64.Build.0 = Debug|Any CPU
		{6DC513E8-0AD5-4409-BFCB-66E05A909184}.Debug|x86.ActiveCfg = Debug|Any CPU
		{6DC513E8-0AD5-4409-BFCB-66E05A909184}.Debug|x86.Build.0 = Debug|Any CPU
		{6DC513E8-0AD5-4409-BFCB-66E05A909184}.Release|Any CPU.ActiveCfg = Release|Any CPU
		{6DC513E8-0AD5-4409-BFCB-66E05A909184}.Release|Any CPU.Build.0 = Release|Any CPU
		{6DC513E8-0AD5-4409-BFCB-66E05A909184}.Release|x64.ActiveCfg = Release|Any CPU
		{6DC513E8-0AD5-4409-BFCB-66E05A909184}.Release|x64.Build.0 = Release|Any CPU
		{6DC513E8-0AD5-4409-BFCB-66E05A909184}.Release|x86.ActiveCfg = Release|Any CPU
		{6DC513E8-0AD5-4409-BFCB-66E05A909184}.Release|x86.Build.0 = Release|Any CPU
		{B5D6B7BC-EDEB-425F-9179-BF8F08295EB0}.Debug|Any CPU.ActiveCfg = Debug|Any CPU
		{B5D6B7BC-EDEB-425F-9179-BF8F08295EB0}.Debug|Any CPU.Build.0 = Debug|Any CPU
		{B5D6B7BC-EDEB-425F-9179-BF8F08295EB0}.Debug|x64.ActiveCfg = Debug|Any CPU
		{B5D6B7BC-EDEB-425F-9179-BF8F08295EB0}.Debug|x64.Build.0 = Debug|Any CPU
		{B5D6B7BC-EDEB-425F-9179-BF8F08295EB0}.Debug|x86.ActiveCfg = Debug|Any CPU
		{B5D6B7BC-EDEB-425F-9179-BF8F08295EB0}.Debug|x86.Build.0 = Debug|Any CPU
		{B5D6B7BC-EDEB-425F-9179-BF8F08295EB0}.Release|Any CPU.ActiveCfg = Release|Any CPU
		{B5D6B7BC-EDEB-425F-9179-BF8F08295EB0}.Release|Any CPU.Build.0 = Release|Any CPU
		{B5D6B7BC-EDEB-425F-9179-BF8F08295EB0}.Release|x64.ActiveCfg = Release|Any CPU
		{B5D6B7BC-EDEB-425F-9179-BF8F08295EB0}.Release|x64.Build.0 = Release|Any CPU
		{B5D6B7BC-EDEB-425F-9179-BF8F08295EB0}.Release|x86.ActiveCfg = Release|Any CPU
		{B5D6B7BC-EDEB-425F-9179-BF8F08295EB0}.Release|x86.Build.0 = Release|Any CPU
	EndGlobalSection
EndGlobal
